// !$*UTF8*$!
{
	archiveVersion = 1;
	classes = {
	};
	objectVersion = 50;
	objects = {

/* Begin PBXBuildFile section */
		99D3CE6425C0C5A0006EF56C /* ContentView.swift in Sources */ = {isa = PBXBuildFile; fileRef = 99D3CE6325C0C5A0006EF56C /* ContentView.swift */; };
		99D3CE6625C0C5AA006EF56C /* Assets.xcassets in Resources */ = {isa = PBXBuildFile; fileRef = 99D3CE6525C0C5AA006EF56C /* Assets.xcassets */; };
		99D3CE6925C0C5AA006EF56C /* Preview Assets.xcassets in Resources */ = {isa = PBXBuildFile; fileRef = 99D3CE6825C0C5AA006EF56C /* Preview Assets.xcassets */; };
		99D3CE6E25C0C5AA006EF56C /* SeachApp.xcdatamodeld in Sources */ = {isa = PBXBuildFile; fileRef = 99D3CE6C25C0C5AA006EF56C /* SeachApp.xcdatamodeld */; };
		99D3CE7925C0C5AA006EF56C /* SeachAppTests.swift in Sources */ = {isa = PBXBuildFile; fileRef = 99D3CE7825C0C5AA006EF56C /* SeachAppTests.swift */; };
		99D3CE8425C0C5AA006EF56C /* SeachAppUITests.swift in Sources */ = {isa = PBXBuildFile; fileRef = 99D3CE8325C0C5AA006EF56C /* SeachAppUITests.swift */; };
		99D3CE9525C0C5FD006EF56C /* NavigationSearchBarApp.swift in Sources */ = {isa = PBXBuildFile; fileRef = 99D3CE9425C0C5FD006EF56C /* NavigationSearchBarApp.swift */; };
		99D3CE9D25C0C63E006EF56C /* CardView.swift in Sources */ = {isa = PBXBuildFile; fileRef = 99D3CE9A25C0C63E006EF56C /* CardView.swift */; };
		99D3CE9E25C0C63E006EF56C /* CustomNavigationView.swift in Sources */ = {isa = PBXBuildFile; fileRef = 99D3CE9B25C0C63E006EF56C /* CustomNavigationView.swift */; };
		99D3CE9F25C0C63E006EF56C /* Home.swift in Sources */ = {isa = PBXBuildFile; fileRef = 99D3CE9C25C0C63E006EF56C /* Home.swift */; };
		99D3CEA525C0C67B006EF56C /* AppItem.swift in Sources */ = {isa = PBXBuildFile; fileRef = 99D3CEA425C0C67B006EF56C /* AppItem.swift */; };
/* End PBXBuildFile section */

/* Begin PBXContainerItemProxy section */
		99D3CE7525C0C5AA006EF56C /* PBXContainerItemProxy */ = {
			isa = PBXContainerItemProxy;
			containerPortal = 99D3CE5625C0C5A0006EF56C /* Project object */;
			proxyType = 1;
			remoteGlobalIDString = 99D3CE5D25C0C5A0006EF56C;
			remoteInfo = SeachApp;
		};
		99D3CE8025C0C5AA006EF56C /* PBXContainerItemProxy */ = {
			isa = PBXContainerItemProxy;
			containerPortal = 99D3CE5625C0C5A0006EF56C /* Project object */;
			proxyType = 1;
			remoteGlobalIDString = 99D3CE5D25C0C5A0006EF56C;
			remoteInfo = SeachApp;
		};
/* End PBXContainerItemProxy section */

/* Begin PBXFileReference section */
		99D3CE5E25C0C5A0006EF56C /* SeachApp.app */ = {isa = PBXFileReference; explicitFileType = wrapper.application; includeInIndex = 0; path = SeachApp.app; sourceTree = BUILT_PRODUCTS_DIR; };
		99D3CE6325C0C5A0006EF56C /* ContentView.swift */ = {isa = PBXFileReference; lastKnownFileType = sourcecode.swift; path = ContentView.swift; sourceTree = "<group>"; };
		99D3CE6525C0C5AA006EF56C /* Assets.xcassets */ = {isa = PBXFileReference; lastKnownFileType = folder.assetcatalog; path = Assets.xcassets; sourceTree = "<group>"; };
		99D3CE6825C0C5AA006EF56C /* Preview Assets.xcassets */ = {isa = PBXFileReference; lastKnownFileType = folder.assetcatalog; path = "Preview Assets.xcassets"; sourceTree = "<group>"; };
		99D3CE6D25C0C5AA006EF56C /* SeachApp.xcdatamodel */ = {isa = PBXFileReference; lastKnownFileType = wrapper.xcdatamodel; path = SeachApp.xcdatamodel; sourceTree = "<group>"; };
		99D3CE6F25C0C5AA006EF56C /* Info.plist */ = {isa = PBXFileReference; lastKnownFileType = text.plist.xml; path = Info.plist; sourceTree = "<group>"; };
		99D3CE7425C0C5AA006EF56C /* SeachAppTests.xctest */ = {isa = PBXFileReference; explicitFileType = wrapper.cfbundle; includeInIndex = 0; path = SeachAppTests.xctest; sourceTree = BUILT_PRODUCTS_DIR; };
		99D3CE7825C0C5AA006EF56C /* SeachAppTests.swift */ = {isa = PBXFileReference; lastKnownFileType = sourcecode.swift; path = SeachAppTests.swift; sourceTree = "<group>"; };
		99D3CE7A25C0C5AA006EF56C /* Info.plist */ = {isa = PBXFileReference; lastKnownFileType = text.plist.xml; path = Info.plist; sourceTree = "<group>"; };
		99D3CE7F25C0C5AA006EF56C /* SeachAppUITests.xctest */ = {isa = PBXFileReference; explicitFileType = wrapper.cfbundle; includeInIndex = 0; path = SeachAppUITests.xctest; sourceTree = BUILT_PRODUCTS_DIR; };
		99D3CE8325C0C5AA006EF56C /* SeachAppUITests.swift */ = {isa = PBXFileReference; lastKnownFileType = sourcecode.swift; path = SeachAppUITests.swift; sourceTree = "<group>"; };
		99D3CE8525C0C5AA006EF56C /* Info.plist */ = {isa = PBXFileReference; lastKnownFileType = text.plist.xml; path = Info.plist; sourceTree = "<group>"; };
		99D3CE9425C0C5FD006EF56C /* NavigationSearchBarApp.swift */ = {isa = PBXFileReference; fileEncoding = 4; lastKnownFileType = sourcecode.swift; path = NavigationSearchBarApp.swift; sourceTree = "<group>"; };
		99D3CE9A25C0C63E006EF56C /* CardView.swift */ = {isa = PBXFileReference; fileEncoding = 4; lastKnownFileType = sourcecode.swift; path = CardView.swift; sourceTree = "<group>"; };
		99D3CE9B25C0C63E006EF56C /* CustomNavigationView.swift */ = {isa = PBXFileReference; fileEncoding = 4; lastKnownFileType = sourcecode.swift; path = CustomNavigationView.swift; sourceTree = "<group>"; };
		99D3CE9C25C0C63E006EF56C /* Home.swift */ = {isa = PBXFileReference; fileEncoding = 4; lastKnownFileType = sourcecode.swift; path = Home.swift; sourceTree = "<group>"; };
		99D3CEA425C0C67B006EF56C /* AppItem.swift */ = {isa = PBXFileReference; fileEncoding = 4; lastKnownFileType = sourcecode.swift; path = AppItem.swift; sourceTree = "<group>"; };
/* End PBXFileReference section */

/* Begin PBXFrameworksBuildPhase section */
		99D3CE5B25C0C5A0006EF56C /* Frameworks */ = {
			isa = PBXFrameworksBuildPhase;
			buildActionMask = 2147483647;
			files = (
			);
			runOnlyForDeploymentPostprocessing = 0;
		};
		99D3CE7125C0C5AA006EF56C /* Frameworks */ = {
			isa = PBXFrameworksBuildPhase;
			buildActionMask = 2147483647;
			files = (
			);
			runOnlyForDeploymentPostprocessing = 0;
		};
		99D3CE7C25C0C5AA006EF56C /* Frameworks */ = {
			isa = PBXFrameworksBuildPhase;
			buildActionMask = 2147483647;
			files = (
			);
			runOnlyForDeploymentPostprocessing = 0;
		};
/* End PBXFrameworksBuildPhase section */

/* Begin PBXGroup section */
		99D3CE5525C0C5A0006EF56C = {
			isa = PBXGroup;
			children = (
				99D3CE6025C0C5A0006EF56C /* SeachApp */,
				99D3CE7725C0C5AA006EF56C /* SeachAppTests */,
				99D3CE8225C0C5AA006EF56C /* SeachAppUITests */,
				99D3CE5F25C0C5A0006EF56C /* Products */,
			);
			sourceTree = "<group>";
		};
		99D3CE5F25C0C5A0006EF56C /* Products */ = {
			isa = PBXGroup;
			children = (
				99D3CE5E25C0C5A0006EF56C /* SeachApp.app */,
				99D3CE7425C0C5AA006EF56C /* SeachAppTests.xctest */,
				99D3CE7F25C0C5AA006EF56C /* SeachAppUITests.xctest */,
			);
			name = Products;
			sourceTree = "<group>";
		};
		99D3CE6025C0C5A0006EF56C /* SeachApp */ = {
			isa = PBXGroup;
			children = (
				99D3CE9925C0C63E006EF56C /* View */,
				99D3CEA325C0C67B006EF56C /* Model */,
				99D3CE9425C0C5FD006EF56C /* NavigationSearchBarApp.swift */,
				99D3CE6325C0C5A0006EF56C /* ContentView.swift */,
				99D3CE6525C0C5AA006EF56C /* Assets.xcassets */,
				99D3CE6F25C0C5AA006EF56C /* Info.plist */,
				99D3CE6C25C0C5AA006EF56C /* SeachApp.xcdatamodeld */,
				99D3CE6725C0C5AA006EF56C /* Preview Content */,
			);
			path = SeachApp;
			sourceTree = "<group>";
		};
		99D3CE6725C0C5AA006EF56C /* Preview Content */ = {
			isa = PBXGroup;
			children = (
				99D3CE6825C0C5AA006EF56C /* Preview Assets.xcassets */,
			);
			path = "Preview Content";
			sourceTree = "<group>";
		};
		99D3CE7725C0C5AA006EF56C /* SeachAppTests */ = {
			isa = PBXGroup;
			children = (
				99D3CE7825C0C5AA006EF56C /* SeachAppTests.swift */,
				99D3CE7A25C0C5AA006EF56C /* Info.plist */,
			);
			path = SeachAppTests;
			sourceTree = "<group>";
		};
		99D3CE8225C0C5AA006EF56C /* SeachAppUITests */ = {
			isa = PBXGroup;
			children = (
				99D3CE8325C0C5AA006EF56C /* SeachAppUITests.swift */,
				99D3CE8525C0C5AA006EF56C /* Info.plist */,
			);
			path = SeachAppUITests;
			sourceTree = "<group>";
		};
		99D3CE9925C0C63E006EF56C /* View */ = {
			isa = PBXGroup;
			children = (
				99D3CE9A25C0C63E006EF56C /* CardView.swift */,
				99D3CE9B25C0C63E006EF56C /* CustomNavigationView.swift */,
				99D3CE9C25C0C63E006EF56C /* Home.swift */,
			);
			path = View;
			sourceTree = "<group>";
		};
		99D3CEA325C0C67B006EF56C /* Model */ = {
			isa = PBXGroup;
			children = (
				99D3CEA425C0C67B006EF56C /* AppItem.swift */,
			);
			path = Model;
			sourceTree = "<group>";
		};
/* End PBXGroup section */

/* Begin PBXNativeTarget section */
		99D3CE5D25C0C5A0006EF56C /* SeachApp */ = {
			isa = PBXNativeTarget;
			buildConfigurationList = 99D3CE8825C0C5AA006EF56C /* Build configuration list for PBXNativeTarget "SeachApp" */;
			buildPhases = (
				99D3CE5A25C0C5A0006EF56C /* Sources */,
				99D3CE5B25C0C5A0006EF56C /* Frameworks */,
				99D3CE5C25C0C5A0006EF56C /* Resources */,
			);
			buildRules = (
			);
			dependencies = (
			);
			name = SeachApp;
			productName = SeachApp;
			productReference = 99D3CE5E25C0C5A0006EF56C /* SeachApp.app */;
			productType = "com.apple.product-type.application";
		};
		99D3CE7325C0C5AA006EF56C /* SeachAppTests */ = {
			isa = PBXNativeTarget;
			buildConfigurationList = 99D3CE8B25C0C5AA006EF56C /* Build configuration list for PBXNativeTarget "SeachAppTests" */;
			buildPhases = (
				99D3CE7025C0C5AA006EF56C /* Sources */,
				99D3CE7125C0C5AA006EF56C /* Frameworks */,
				99D3CE7225C0C5AA006EF56C /* Resources */,
			);
			buildRules = (
			);
			dependencies = (
				99D3CE7625C0C5AA006EF56C /* PBXTargetDependency */,
			);
			name = SeachAppTests;
			productName = SeachAppTests;
			productReference = 99D3CE7425C0C5AA006EF56C /* SeachAppTests.xctest */;
			productType = "com.apple.product-type.bundle.unit-test";
		};
		99D3CE7E25C0C5AA006EF56C /* SeachAppUITests */ = {
			isa = PBXNativeTarget;
			buildConfigurationList = 99D3CE8E25C0C5AA006EF56C /* Build configuration list for PBXNativeTarget "SeachAppUITests" */;
			buildPhases = (
				99D3CE7B25C0C5AA006EF56C /* Sources */,
				99D3CE7C25C0C5AA006EF56C /* Frameworks */,
				99D3CE7D25C0C5AA006EF56C /* Resources */,
			);
			buildRules = (
			);
			dependencies = (
				99D3CE8125C0C5AA006EF56C /* PBXTargetDependency */,
			);
			name = SeachAppUITests;
			productName = SeachAppUITests;
			productReference = 99D3CE7F25C0C5AA006EF56C /* SeachAppUITests.xctest */;
			productType = "com.apple.product-type.bundle.ui-testing";
		};
/* End PBXNativeTarget section */

/* Begin PBXProject section */
		99D3CE5625C0C5A0006EF56C /* Project object */ = {
			isa = PBXProject;
			attributes = {
				LastSwiftUpdateCheck = 1230;
				LastUpgradeCheck = 1230;
				TargetAttributes = {
					99D3CE5D25C0C5A0006EF56C = {
						CreatedOnToolsVersion = 12.3;
					};
					99D3CE7325C0C5AA006EF56C = {
						CreatedOnToolsVersion = 12.3;
						TestTargetID = 99D3CE5D25C0C5A0006EF56C;
					};
					99D3CE7E25C0C5AA006EF56C = {
						CreatedOnToolsVersion = 12.3;
						TestTargetID = 99D3CE5D25C0C5A0006EF56C;
					};
				};
			};
			buildConfigurationList = 99D3CE5925C0C5A0006EF56C /* Build configuration list for PBXProject "SeachApp" */;
			compatibilityVersion = "Xcode 9.3";
			developmentRegion = en;
			hasScannedForEncodings = 0;
			knownRegions = (
				en,
				Base,
			);
			mainGroup = 99D3CE5525C0C5A0006EF56C;
			productRefGroup = 99D3CE5F25C0C5A0006EF56C /* Products */;
			projectDirPath = "";
			projectRoot = "";
			targets = (
				99D3CE5D25C0C5A0006EF56C /* SeachApp */,
				99D3CE7325C0C5AA006EF56C /* SeachAppTests */,
				99D3CE7E25C0C5AA006EF56C /* SeachAppUITests */,
			);
		};
/* End PBXProject section */

/* Begin PBXResourcesBuildPhase section */
		99D3CE5C25C0C5A0006EF56C /* Resources */ = {
			isa = PBXResourcesBuildPhase;
			buildActionMask = 2147483647;
			files = (
				99D3CE6925C0C5AA006EF56C /* Preview Assets.xcassets in Resources */,
				99D3CE6625C0C5AA006EF56C /* Assets.xcassets in Resources */,
			);
			runOnlyForDeploymentPostprocessing = 0;
		};
		99D3CE7225C0C5AA006EF56C /* Resources */ = {
			isa = PBXResourcesBuildPhase;
			buildActionMask = 2147483647;
			files = (
			);
			runOnlyForDeploymentPostprocessing = 0;
		};
		99D3CE7D25C0C5AA006EF56C /* Resources */ = {
			isa = PBXResourcesBuildPhase;
			buildActionMask = 2147483647;
			files = (
			);
			runOnlyForDeploymentPostprocessing = 0;
		};
/* End PBXResourcesBuildPhase section */

/* Begin PBXSourcesBuildPhase section */
		99D3CE5A25C0C5A0006EF56C /* Sources */ = {
			isa = PBXSourcesBuildPhase;
			buildActionMask = 2147483647;
			files = (
				99D3CE9525C0C5FD006EF56C /* NavigationSearchBarApp.swift in Sources */,
				99D3CE6425C0C5A0006EF56C /* ContentView.swift in Sources */,
				99D3CEA525C0C67B006EF56C /* AppItem.swift in Sources */,
				99D3CE9E25C0C63E006EF56C /* CustomNavigationView.swift in Sources */,
				99D3CE6E25C0C5AA006EF56C /* SeachApp.xcdatamodeld in Sources */,
				99D3CE9D25C0C63E006EF56C /* CardView.swift in Sources */,
				99D3CE9F25C0C63E006EF56C /* Home.swift in Sources */,
			);
			runOnlyForDeploymentPostprocessing = 0;
		};
		99D3CE7025C0C5AA006EF56C /* Sources */ = {
			isa = PBXSourcesBuildPhase;
			buildActionMask = 2147483647;
			files = (
				99D3CE7925C0C5AA006EF56C /* SeachAppTests.swift in Sources */,
			);
			runOnlyForDeploymentPostprocessing = 0;
		};
		99D3CE7B25C0C5AA006EF56C /* Sources */ = {
			isa = PBXSourcesBuildPhase;
			buildActionMask = 2147483647;
			files = (
				99D3CE8425C0C5AA006EF56C /* SeachAppUITests.swift in Sources */,
			);
			runOnlyForDeploymentPostprocessing = 0;
		};
/* End PBXSourcesBuildPhase section */

/* Begin PBXTargetDependency section */
		99D3CE7625C0C5AA006EF56C /* PBXTargetDependency */ = {
			isa = PBXTargetDependency;
			target = 99D3CE5D25C0C5A0006EF56C /* SeachApp */;
			targetProxy = 99D3CE7525C0C5AA006EF56C /* PBXContainerItemProxy */;
		};
		99D3CE8125C0C5AA006EF56C /* PBXTargetDependency */ = {
			isa = PBXTargetDependency;
			target = 99D3CE5D25C0C5A0006EF56C /* SeachApp */;
			targetProxy = 99D3CE8025C0C5AA006EF56C /* PBXContainerItemProxy */;
		};
/* End PBXTargetDependency section */

/* Begin XCBuildConfiguration section */
		99D3CE8625C0C5AA006EF56C /* Debug */ = {
			isa = XCBuildConfiguration;
			buildSettings = {
				ALWAYS_SEARCH_USER_PATHS = NO;
				CLANG_ANALYZER_NONNULL = YES;
				CLANG_ANALYZER_NUMBER_OBJECT_CONVERSION = YES_AGGRESSIVE;
				CLANG_CXX_LANGUAGE_STANDARD = "gnu++14";
				CLANG_CXX_LIBRARY = "libc++";
				CLANG_ENABLE_MODULES = YES;
				CLANG_ENABLE_OBJC_ARC = YES;
				CLANG_ENABLE_OBJC_WEAK = YES;
				CLANG_WARN_BLOCK_CAPTURE_AUTORELEASING = YES;
				CLANG_WARN_BOOL_CONVERSION = YES;
				CLANG_WARN_COMMA = YES;
				CLANG_WARN_CONSTANT_CONVERSION = YES;
				CLANG_WARN_DEPRECATED_OBJC_IMPLEMENTATIONS = YES;
				CLANG_WARN_DIRECT_OBJC_ISA_USAGE = YES_ERROR;
				CLANG_WARN_DOCUMENTATION_COMMENTS = YES;
				CLANG_WARN_EMPTY_BODY = YES;
				CLANG_WARN_ENUM_CONVERSION = YES;
				CLANG_WARN_INFINITE_RECURSION = YES;
				CLANG_WARN_INT_CONVERSION = YES;
				CLANG_WARN_NON_LITERAL_NULL_CONVERSION = YES;
				CLANG_WARN_OBJC_IMPLICIT_RETAIN_SELF = YES;
				CLANG_WARN_OBJC_LITERAL_CONVERSION = YES;
				CLANG_WARN_OBJC_ROOT_CLASS = YES_ERROR;
				CLANG_WARN_QUOTED_INCLUDE_IN_FRAMEWORK_HEADER = YES;
				CLANG_WARN_RANGE_LOOP_ANALYSIS = YES;
				CLANG_WARN_STRICT_PROTOTYPES = YES;
				CLANG_WARN_SUSPICIOUS_MOVE = YES;
				CLANG_WARN_UNGUARDED_AVAILABILITY = YES_AGGRESSIVE;
				CLANG_WARN_UNREACHABLE_CODE = YES;
				CLANG_WARN__DUPLICATE_METHOD_MATCH = YES;
				COPY_PHASE_STRIP = NO;
				DEBUG_INFORMATION_FORMAT = dwarf;
				ENABLE_STRICT_OBJC_MSGSEND = YES;
				ENABLE_TESTABILITY = YES;
				GCC_C_LANGUAGE_STANDARD = gnu11;
				GCC_DYNAMIC_NO_PIC = NO;
				GCC_NO_COMMON_BLOCKS = YES;
				GCC_OPTIMIZATION_LEVEL = 0;
				GCC_PREPROCESSOR_DEFINITIONS = (
					"DEBUG=1",
					"$(inherited)",
				);
				GCC_WARN_64_TO_32_BIT_CONVERSION = YES;
				GCC_WARN_ABOUT_RETURN_TYPE = YES_ERROR;
				GCC_WARN_UNDECLARED_SELECTOR = YES;
				GCC_WARN_UNINITIALIZED_AUTOS = YES_AGGRESSIVE;
				GCC_WARN_UNUSED_FUNCTION = YES;
				GCC_WARN_UNUSED_VARIABLE = YES;
				IPHONEOS_DEPLOYMENT_TARGET = 14.3;
				MTL_ENABLE_DEBUG_INFO = INCLUDE_SOURCE;
				MTL_FAST_MATH = YES;
				ONLY_ACTIVE_ARCH = YES;
				SDKROOT = iphoneos;
				SWIFT_ACTIVE_COMPILATION_CONDITIONS = DEBUG;
				SWIFT_OPTIMIZATION_LEVEL = "-Onone";
			};
			name = Debug;
		};
		99D3CE8725C0C5AA006EF56C /* Release */ = {
			isa = XCBuildConfiguration;
			buildSettings = {
				ALWAYS_SEARCH_USER_PATHS = NO;
				CLANG_ANALYZER_NONNULL = YES;
				CLANG_ANALYZER_NUMBER_OBJECT_CONVERSION = YES_AGGRESSIVE;
				CLANG_CXX_LANGUAGE_STANDARD = "gnu++14";
				CLANG_CXX_LIBRARY = "libc++";
				CLANG_ENABLE_MODULES = YES;
				CLANG_ENABLE_OBJC_ARC = YES;
				CLANG_ENABLE_OBJC_WEAK = YES;
				CLANG_WARN_BLOCK_CAPTURE_AUTORELEASING = YES;
				CLANG_WARN_BOOL_CONVERSION = YES;
				CLANG_WARN_COMMA = YES;
				CLANG_WARN_CONSTANT_CONVERSION = YES;
				CLANG_WARN_DEPRECATED_OBJC_IMPLEMENTATIONS = YES;
				CLANG_WARN_DIRECT_OBJC_ISA_USAGE = YES_ERROR;
				CLANG_WARN_DOCUMENTATION_COMMENTS = YES;
				CLANG_WARN_EMPTY_BODY = YES;
				CLANG_WARN_ENUM_CONVERSION = YES;
				CLANG_WARN_INFINITE_RECURSION = YES;
				CLANG_WARN_INT_CONVERSION = YES;
				CLANG_WARN_NON_LITERAL_NULL_CONVERSION = YES;
				CLANG_WARN_OBJC_IMPLICIT_RETAIN_SELF = YES;
				CLANG_WARN_OBJC_LITERAL_CONVERSION = YES;
				CLANG_WARN_OBJC_ROOT_CLASS = YES_ERROR;
				CLANG_WARN_QUOTED_INCLUDE_IN_FRAMEWORK_HEADER = YES;
				CLANG_WARN_RANGE_LOOP_ANALYSIS = YES;
				CLANG_WARN_STRICT_PROTOTYPES = YES;
				CLANG_WARN_SUSPICIOUS_MOVE = YES;
				CLANG_WARN_UNGUARDED_AVAILABILITY = YES_AGGRESSIVE;
				CLANG_WARN_UNREACHABLE_CODE = YES;
				CLANG_WARN__DUPLICATE_METHOD_MATCH = YES;
				COPY_PHASE_STRIP = NO;
				DEBUG_INFORMATION_FORMAT = "dwarf-with-dsym";
				ENABLE_NS_ASSERTIONS = NO;
				ENABLE_STRICT_OBJC_MSGSEND = YES;
				GCC_C_LANGUAGE_STANDARD = gnu11;
				GCC_NO_COMMON_BLOCKS = YES;
				GCC_WARN_64_TO_32_BIT_CONVERSION = YES;
				GCC_WARN_ABOUT_RETURN_TYPE = YES_ERROR;
				GCC_WARN_UNDECLARED_SELECTOR = YES;
				GCC_WARN_UNINITIALIZED_AUTOS = YES_AGGRESSIVE;
				GCC_WARN_UNUSED_FUNCTION = YES;
				GCC_WARN_UNUSED_VARIABLE = YES;
				IPHONEOS_DEPLOYMENT_TARGET = 14.3;
				MTL_ENABLE_DEBUG_INFO = NO;
				MTL_FAST_MATH = YES;
				SDKROOT = iphoneos;
				SWIFT_COMPILATION_MODE = wholemodule;
				SWIFT_OPTIMIZATION_LEVEL = "-O";
				VALIDATE_PRODUCT = YES;
			};
			name = Release;
		};
		99D3CE8925C0C5AA006EF56C /* Debug */ = {
			isa = XCBuildConfiguration;
			buildSettings = {
				ASSETCATALOG_COMPILER_APPICON_NAME = AppIcon;
				ASSETCATALOG_COMPILER_GLOBAL_ACCENT_COLOR_NAME = AccentColor;
				CODE_SIGN_STYLE = Automatic;
				DEVELOPMENT_ASSET_PATHS = "\"SeachApp/Preview Content\"";
				DEVELOPMENT_TEAM = CVQDJYUQXR;
				ENABLE_PREVIEWS = YES;
				INFOPLIST_FILE = SeachApp/Info.plist;
				IPHONEOS_DEPLOYMENT_TARGET = 14.0;
				LD_RUNPATH_SEARCH_PATHS = (
					"$(inherited)",
					"@executable_path/Frameworks",
				);
				PRODUCT_BUNDLE_IDENTIFIER = com.HubbleApps.SeachApp;
				PRODUCT_NAME = "$(TARGET_NAME)";
				SWIFT_VERSION = 5.0;
				TARGETED_DEVICE_FAMILY = "1,2";
			};
			name = Debug;
		};
		99D3CE8A25C0C5AA006EF56C /* Release */ = {
			isa = XCBuildConfiguration;
			buildSettings = {
				ASSETCATALOG_COMPILER_APPICON_NAME = AppIcon;
				ASSETCATALOG_COMPILER_GLOBAL_ACCENT_COLOR_NAME = AccentColor;
				CODE_SIGN_STYLE = Automatic;
				DEVELOPMENT_ASSET_PATHS = "\"SeachApp/Preview Content\"";
				DEVELOPMENT_TEAM = CVQDJYUQXR;
				ENABLE_PREVIEWS = YES;
				INFOPLIST_FILE = SeachApp/Info.plist;
				IPHONEOS_DEPLOYMENT_TARGET = 14.0;
				LD_RUNPATH_SEARCH_PATHS = (
					"$(inherited)",
					"@executable_path/Frameworks",
				);
				PRODUCT_BUNDLE_IDENTIFIER = com.HubbleApps.SeachApp;
				PRODUCT_NAME = "$(TARGET_NAME)";
				SWIFT_VERSION = 5.0;
				TARGETED_DEVICE_FAMILY = "1,2";
			};
			name = Release;
		};
		99D3CE8C25C0C5AA006EF56C /* Debug */ = {
			isa = XCBuildConfiguration;
			buildSettings = {
				ALWAYS_EMBED_SWIFT_STANDARD_LIBRARIES = YES;
				BUNDLE_LOADER = "$(TEST_HOST)";
				CODE_SIGN_STYLE = Automatic;
				DEVELOPMENT_TEAM = CVQDJYUQXR;
				INFOPLIST_FILE = SeachAppTests/Info.plist;
				IPHONEOS_DEPLOYMENT_TARGET = 14.0;
				LD_RUNPATH_SEARCH_PATHS = (
					"$(inherited)",
					"@executable_path/Frameworks",
					"@loader_path/Frameworks",
				);
				PRODUCT_BUNDLE_IDENTIFIER = com.HubbleApps.SeachAppTests;
				PRODUCT_NAME = "$(TARGET_NAME)";
				SWIFT_VERSION = 5.0;
				TARGETED_DEVICE_FAMILY = "1,2";
				TEST_HOST = "$(BUILT_PRODUCTS_DIR)/SeachApp.app/SeachApp";
			};
			name = Debug;
		};
		99D3CE8D25C0C5AA006EF56C /* Release */ = {
			isa = XCBuildConfiguration;
			buildSettings = {
				ALWAYS_EMBED_SWIFT_STANDARD_LIBRARIES = YES;
				BUNDLE_LOADER = "$(TEST_HOST)";
				CODE_SIGN_STYLE = Automatic;
				DEVELOPMENT_TEAM = CVQDJYUQXR;
				INFOPLIST_FILE = SeachAppTests/Info.plist;
				IPHONEOS_DEPLOYMENT_TARGET = 14.0;
				LD_RUNPATH_SEARCH_PATHS = (
					"$(inherited)",
					"@executable_path/Frameworks",
					"@loader_path/Frameworks",
				);
				PRODUCT_BUNDLE_IDENTIFIER = com.HubbleApps.SeachAppTests;
				PRODUCT_NAME = "$(TARGET_NAME)";
				SWIFT_VERSION = 5.0;
				TARGETED_DEVICE_FAMILY = "1,2";
				TEST_HOST = "$(BUILT_PRODUCTS_DIR)/SeachApp.app/SeachApp";
			};
			name = Release;
		};
		99D3CE8F25C0C5AA006EF56C /* Debug */ = {
			isa = XCBuildConfiguration;
			buildSettings = {
				ALWAYS_EMBED_SWIFT_STANDARD_LIBRARIES = YES;
				CODE_SIGN_STYLE = Automatic;
				DEVELOPMENT_TEAM = CVQDJYUQXR;
				INFOPLIST_FILE = SeachAppUITests/Info.plist;
				LD_RUNPATH_SEARCH_PATHS = (
					"$(inherited)",
					"@executable_path/Frameworks",
					"@loader_path/Frameworks",
				);
				PRODUCT_BUNDLE_IDENTIFIER = com.HubbleApps.SeachAppUITests;
				PRODUCT_NAME = "$(TARGET_NAME)";
				SWIFT_VERSION = 5.0;
				TARGETED_DEVICE_FAMILY = "1,2";
				TEST_TARGET_NAME = SeachApp;
			};
			name = Debug;
		};
		99D3CE9025C0C5AA006EF56C /* Release */ = {
			isa = XCBuildConfiguration;
			buildSettings = {
				ALWAYS_EMBED_SWIFT_STANDARD_LIBRARIES = YES;
				CODE_SIGN_STYLE = Automatic;
				DEVELOPMENT_TEAM = CVQDJYUQXR;
				INFOPLIST_FILE = SeachAppUITests/Info.plist;
				LD_RUNPATH_SEARCH_PATHS = (
					"$(inherited)",
					"@executable_path/Frameworks",
					"@loader_path/Frameworks",
				);
				PRODUCT_BUNDLE_IDENTIFIER = com.HubbleApps.SeachAppUITests;
				PRODUCT_NAME = "$(TARGET_NAME)";
				SWIFT_VERSION = 5.0;
				TARGETED_DEVICE_FAMILY = "1,2";
				TEST_TARGET_NAME = SeachApp;
			};
			name = Release;
		};
/* End XCBuildConfiguration section */

/* Begin XCConfigurationList section */
		99D3CE5925C0C5A0006EF56C /* Build configuration list for PBXProject "SeachApp" */ = {
			isa = XCConfigurationList;
			buildConfigurations = (
				99D3CE8625C0C5AA006EF56C /* Debug */,
				99D3CE8725C0C5AA006EF56C /* Release */,
			);
			defaultConfigurationIsVisible = 0;
			defaultConfigurationName = Release;
		};
		99D3CE8825C0C5AA006EF56C /* Build configuration list for PBXNativeTarget "SeachApp" */ = {
			isa = XCConfigurationList;
			buildConfigurations = (
				99D3CE8925C0C5AA006EF56C /* Debug */,
				99D3CE8A25C0C5AA006EF56C /* Release */,
			);
			defaultConfigurationIsVisible = 0;
			defaultConfigurationName = Release;
		};
		99D3CE8B25C0C5AA006EF56C /* Build configuration list for PBXNativeTarget "SeachAppTests" */ = {
			isa = XCConfigurationList;
			buildConfigurations = (
				99D3CE8C25C0C5AA006EF56C /* Debug */,
				99D3CE8D25C0C5AA006EF56C /* Release */,
			);
			defaultConfigurationIsVisible = 0;
			defaultConfigurationName = Release;
		};
		99D3CE8E25C0C5AA006EF56C /* Build configuration list for PBXNativeTarget "SeachAppUITests" */ = {
			isa = XCConfigurationList;
			buildConfigurations = (
				99D3CE8F25C0C5AA006EF56C /* Debug */,
				99D3CE9025C0C5AA006EF56C /* Release */,
			);
			defaultConfigurationIsVisible = 0;
			defaultConfigurationName = Release;
		};
/* End XCConfigurationList section */

/* Begin XCVersionGroup section */
		99D3CE6C25C0C5AA006EF56C /* SeachApp.xcdatamodeld */ = {
			isa = XCVersionGroup;
			children = (
				99D3CE6D25C0C5AA006EF56C /* SeachApp.xcdatamodel */,
			);
			currentVersion = 99D3CE6D25C0C5AA006EF56C /* SeachApp.xcdatamodel */;
			path = SeachApp.xcdatamodeld;
			sourceTree = "<group>";
			versionGroupType = wrapper.xcdatamodel;
		};
/* End XCVersionGroup section */
	};
	rootObject = 99D3CE5625C0C5A0006EF56C /* Project object */;
}
